<?xml version="1.0" encoding="utf-8"?>
<Project ToolsVersion="17.0" xmlns="http://schemas.microsoft.com/developer/msbuild/2003">
  <ItemGroup>
    <ClCompile Include="C:\Source\PhysX\physx\source\lowlevelaabb\src\BpAABBManager.cpp">
      <Filter>src</Filter>
    </ClCompile>
    <ClCompile Include="C:\Source\PhysX\physx\source\lowlevelaabb\src\BpBroadPhase.cpp">
      <Filter>src</Filter>
    </ClCompile>
    <ClCompile Include="C:\Source\PhysX\physx\source\lowlevelaabb\src\BpBroadPhaseABP.cpp">
      <Filter>src</Filter>
    </ClCompile>
    <ClCompile Include="C:\Source\PhysX\physx\source\lowlevelaabb\src\BpBroadPhaseMBP.cpp">
      <Filter>src</Filter>
    </ClCompile>
    <ClCompile Include="C:\Source\PhysX\physx\source\lowlevelaabb\src\BpBroadPhaseSap.cpp">
      <Filter>src</Filter>
    </ClCompile>
    <ClCompile Include="C:\Source\PhysX\physx\source\lowlevelaabb\src\BpBroadPhaseSapAux.cpp">
      <Filter>src</Filter>
    </ClCompile>
    <ClCompile Include="C:\Source\PhysX\physx\source\lowlevelaabb\src\BpBroadPhaseShared.cpp">
      <Filter>src</Filter>
    </ClCompile>
    <ClCompile Include="C:\Source\PhysX\physx\source\lowlevelaabb\src\BpMBPTasks.cpp">
      <Filter>src</Filter>
    </ClCompile>
    <ClCompile Include="C:\Source\PhysX\physx\source\lowlevelaabb\src\BpSAPTasks.cpp">
      <Filter>src</Filter>
    </ClCompile>
  </ItemGroup>
  <ItemGroup>
    <ClInclude Include="C:\Source\PhysX\physx\source\lowlevelaabb\include\BpAABBManager.h">
      <Filter>includes</Filter>
    </ClInclude>
    <ClInclude Include="C:\Source\PhysX\physx\source\lowlevelaabb\include\BpAABBManagerTasks.h">
      <Filter>includes</Filter>
    </ClInclude>
    <ClInclude Include="C:\Source\PhysX\physx\source\lowlevelaabb\include\BpBroadPhase.h">
      <Filter>includes</Filter>
    </ClInclude>
    <ClInclude Include="C:\Source\PhysX\physx\source\lowlevelaabb\include\BpBroadPhaseUpdate.h">
      <Filter>includes</Filter>
    </ClInclude>
    <ClInclude Include="C:\Source\PhysX\physx\source\lowlevelaabb\src\BpBroadPhaseABP.h">
      <Filter>src</Filter>
    </ClInclude>
    <ClInclude Include="C:\Source\PhysX\physx\source\lowlevelaabb\src\BpBroadPhaseMBP.h">
      <Filter>src</Filter>
    </ClInclude>
    <ClInclude Include="C:\Source\PhysX\physx\source\lowlevelaabb\src\BpBroadPhaseMBPCommon.h">
      <Filter>src</Filter>
    </ClInclude>
    <ClInclude Include="C:\Source\PhysX\physx\source\lowlevelaabb\src\BpBroadPhaseSap.h">
      <Filter>src</Filter>
    </ClInclude>
    <ClInclude Include="C:\Source\PhysX\physx\source\lowlevelaabb\src\BpBroadPhaseSapAux.h">
      <Filter>src</Filter>
    </ClInclude>
    <ClInclude Include="C:\Source\PhysX\physx\source\lowlevelaabb\src\BpBroadPhaseShared.h">
      <Filter>src</Filter>
    </ClInclude>
    <ClInclude Include="C:\Source\PhysX\physx\source\lowlevelaabb\src\BpMBPTasks.h">
      <Filter>src</Filter>
    </ClInclude>
    <ClInclude Include="C:\Source\PhysX\physx\source\lowlevelaabb\src\BpSAPTasks.h">
      <Filter>src</Filter>
    </ClInclude>
  </ItemGroup>
  <ItemGroup>
    <CustomBuild Include="C:\Source\PhysX\physx\source\compiler\cmake\CMakeLists.txt" />
  </ItemGroup>
  <ItemGroup>
    <Filter Include="includes">
      <UniqueIdentifier>{1BFF9030-90CC-3CE5-8246-0496E5C6D613}</UniqueIdentifier>
    </Filter>
    <Filter Include="src">
      <UniqueIdentifier>{C6ED6CA3-C3D0-358B-9855-0C01F2F89DE0}</UniqueIdentifier>
    </Filter>
  </ItemGroup>
</Project>
