
Microsoft Visual Studio Solution File, Format Version 12.00
# Visual Studio Version 17
Project("{2150E333-8FDC-42A3-9474-1A3956D46DE8}") = "CMakePredefinedTargets", "CMakePredefinedTargets", "{54EA7AD1-9CD4-35D8-9728-7E90177D5F80}"
EndProject
Project("{2150E333-8FDC-42A3-9474-1A3956D46DE8}") = "PhysX SDK", "PhysX SDK", "{6A2CE0E9-A65A-360F-AFC6-AC24AFE3E2B6}"
EndProject
Project("{8BC9CEB8-8B4A-11D0-8D11-00A0C91BC942}") = "ALL_BUILD", "ALL_BUILD.vcxproj", "{E14FCE78-C7DF-39C9-9792-A8BC844CB6D9}"
	ProjectSection(ProjectDependencies) = postProject
		{C6E3294F-217B-3DBE-8113-FD0988A2AA95} = {C6E3294F-217B-3DBE-8113-FD0988A2AA95}
		{B977CDBA-7C46-3873-B1D4-F45AF258C459} = {B977CDBA-7C46-3873-B1D4-F45AF258C459}
		{EB9CA769-159F-3872-B6DF-DBEA5A970141} = {EB9CA769-159F-3872-B6DF-DBEA5A970141}
		{A09C774F-50E7-3F01-821B-572D5F767055} = {A09C774F-50E7-3F01-821B-572D5F767055}
		{BAFDB6BB-8812-3445-9E97-81D097CCB61A} = {BAFDB6BB-8812-3445-9E97-81D097CCB61A}
		{23F1A3AC-D92A-3BDD-9767-B0DA2A900DFE} = {23F1A3AC-D92A-3BDD-9767-B0DA2A900DFE}
		{2791405B-DFA9-355E-9ED7-CAD2B3DBB711} = {2791405B-DFA9-355E-9ED7-CAD2B3DBB711}
		{0943E9FC-24C8-340A-83A9-D3728F76C156} = {0943E9FC-24C8-340A-83A9-D3728F76C156}
		{76CC0045-5027-3658-9E8E-310508303274} = {76CC0045-5027-3658-9E8E-310508303274}
		{6461E60B-D34A-3371-BA27-73921B1235C8} = {6461E60B-D34A-3371-BA27-73921B1235C8}
		{C8D1DAA8-299A-3A75-BB94-D237BD683A19} = {C8D1DAA8-299A-3A75-BB94-D237BD683A19}
		{B0795E3E-A37D-3180-8D4B-95E2356CBE05} = {B0795E3E-A37D-3180-8D4B-95E2356CBE05}
		{9C2FC98B-D21C-36BE-AD0D-4ADF8CC7BE89} = {9C2FC98B-D21C-36BE-AD0D-4ADF8CC7BE89}
		{1C4993E5-3C06-3068-8A99-3FFD398DAADE} = {1C4993E5-3C06-3068-8A99-3FFD398DAADE}
		{C49FBC83-B83B-35C3-A774-D84C34369A1D} = {C49FBC83-B83B-35C3-A774-D84C34369A1D}
		{075BF168-A456-3DC6-9B8F-D305499AE191} = {075BF168-A456-3DC6-9B8F-D305499AE191}
	EndProjectSection
EndProject
Project("{8BC9CEB8-8B4A-11D0-8D11-00A0C91BC942}") = "FastXml", "FastXml.vcxproj", "{C6E3294F-217B-3DBE-8113-FD0988A2AA95}"
	ProjectSection(ProjectDependencies) = postProject
		{075BF168-A456-3DC6-9B8F-D305499AE191} = {075BF168-A456-3DC6-9B8F-D305499AE191}
	EndProjectSection
EndProject
Project("{8BC9CEB8-8B4A-11D0-8D11-00A0C91BC942}") = "INSTALL", "INSTALL.vcxproj", "{5F54A91D-D7EF-3451-B18F-A6FDB4700B7C}"
	ProjectSection(ProjectDependencies) = postProject
		{E14FCE78-C7DF-39C9-9792-A8BC844CB6D9} = {E14FCE78-C7DF-39C9-9792-A8BC844CB6D9}
		{075BF168-A456-3DC6-9B8F-D305499AE191} = {075BF168-A456-3DC6-9B8F-D305499AE191}
	EndProjectSection
EndProject
Project("{8BC9CEB8-8B4A-11D0-8D11-00A0C91BC942}") = "LowLevel", "LowLevel.vcxproj", "{B977CDBA-7C46-3873-B1D4-F45AF258C459}"
	ProjectSection(ProjectDependencies) = postProject
		{075BF168-A456-3DC6-9B8F-D305499AE191} = {075BF168-A456-3DC6-9B8F-D305499AE191}
	EndProjectSection
EndProject
Project("{8BC9CEB8-8B4A-11D0-8D11-00A0C91BC942}") = "LowLevelAABB", "LowLevelAABB.vcxproj", "{EB9CA769-159F-3872-B6DF-DBEA5A970141}"
	ProjectSection(ProjectDependencies) = postProject
		{075BF168-A456-3DC6-9B8F-D305499AE191} = {075BF168-A456-3DC6-9B8F-D305499AE191}
	EndProjectSection
EndProject
Project("{8BC9CEB8-8B4A-11D0-8D11-00A0C91BC942}") = "LowLevelDynamics", "LowLevelDynamics.vcxproj", "{A09C774F-50E7-3F01-821B-572D5F767055}"
	ProjectSection(ProjectDependencies) = postProject
		{075BF168-A456-3DC6-9B8F-D305499AE191} = {075BF168-A456-3DC6-9B8F-D305499AE191}
	EndProjectSection
EndProject
Project("{8BC9CEB8-8B4A-11D0-8D11-00A0C91BC942}") = "PhysX", "PhysX.vcxproj", "{BAFDB6BB-8812-3445-9E97-81D097CCB61A}"
	ProjectSection(ProjectDependencies) = postProject
		{B977CDBA-7C46-3873-B1D4-F45AF258C459} = {B977CDBA-7C46-3873-B1D4-F45AF258C459}
		{EB9CA769-159F-3872-B6DF-DBEA5A970141} = {EB9CA769-159F-3872-B6DF-DBEA5A970141}
		{A09C774F-50E7-3F01-821B-572D5F767055} = {A09C774F-50E7-3F01-821B-572D5F767055}
		{2791405B-DFA9-355E-9ED7-CAD2B3DBB711} = {2791405B-DFA9-355E-9ED7-CAD2B3DBB711}
		{6461E60B-D34A-3371-BA27-73921B1235C8} = {6461E60B-D34A-3371-BA27-73921B1235C8}
		{C8D1DAA8-299A-3A75-BB94-D237BD683A19} = {C8D1DAA8-299A-3A75-BB94-D237BD683A19}
		{B0795E3E-A37D-3180-8D4B-95E2356CBE05} = {B0795E3E-A37D-3180-8D4B-95E2356CBE05}
		{1C4993E5-3C06-3068-8A99-3FFD398DAADE} = {1C4993E5-3C06-3068-8A99-3FFD398DAADE}
		{C49FBC83-B83B-35C3-A774-D84C34369A1D} = {C49FBC83-B83B-35C3-A774-D84C34369A1D}
		{075BF168-A456-3DC6-9B8F-D305499AE191} = {075BF168-A456-3DC6-9B8F-D305499AE191}
	EndProjectSection
EndProject
Project("{8BC9CEB8-8B4A-11D0-8D11-00A0C91BC942}") = "PhysXCharacterKinematic", "PhysXCharacterKinematic.vcxproj", "{23F1A3AC-D92A-3BDD-9767-B0DA2A900DFE}"
	ProjectSection(ProjectDependencies) = postProject
		{6461E60B-D34A-3371-BA27-73921B1235C8} = {6461E60B-D34A-3371-BA27-73921B1235C8}
		{075BF168-A456-3DC6-9B8F-D305499AE191} = {075BF168-A456-3DC6-9B8F-D305499AE191}
	EndProjectSection
EndProject
Project("{8BC9CEB8-8B4A-11D0-8D11-00A0C91BC942}") = "PhysXCommon", "PhysXCommon.vcxproj", "{2791405B-DFA9-355E-9ED7-CAD2B3DBB711}"
	ProjectSection(ProjectDependencies) = postProject
		{6461E60B-D34A-3371-BA27-73921B1235C8} = {6461E60B-D34A-3371-BA27-73921B1235C8}
		{075BF168-A456-3DC6-9B8F-D305499AE191} = {075BF168-A456-3DC6-9B8F-D305499AE191}
	EndProjectSection
EndProject
Project("{8BC9CEB8-8B4A-11D0-8D11-00A0C91BC942}") = "PhysXCooking", "PhysXCooking.vcxproj", "{0943E9FC-24C8-340A-83A9-D3728F76C156}"
	ProjectSection(ProjectDependencies) = postProject
		{2791405B-DFA9-355E-9ED7-CAD2B3DBB711} = {2791405B-DFA9-355E-9ED7-CAD2B3DBB711}
		{6461E60B-D34A-3371-BA27-73921B1235C8} = {6461E60B-D34A-3371-BA27-73921B1235C8}
		{075BF168-A456-3DC6-9B8F-D305499AE191} = {075BF168-A456-3DC6-9B8F-D305499AE191}
	EndProjectSection
EndProject
Project("{8BC9CEB8-8B4A-11D0-8D11-00A0C91BC942}") = "PhysXExtensions", "PhysXExtensions.vcxproj", "{76CC0045-5027-3658-9E8E-310508303274}"
	ProjectSection(ProjectDependencies) = postProject
		{C6E3294F-217B-3DBE-8113-FD0988A2AA95} = {C6E3294F-217B-3DBE-8113-FD0988A2AA95}
		{BAFDB6BB-8812-3445-9E97-81D097CCB61A} = {BAFDB6BB-8812-3445-9E97-81D097CCB61A}
		{2791405B-DFA9-355E-9ED7-CAD2B3DBB711} = {2791405B-DFA9-355E-9ED7-CAD2B3DBB711}
		{6461E60B-D34A-3371-BA27-73921B1235C8} = {6461E60B-D34A-3371-BA27-73921B1235C8}
		{C8D1DAA8-299A-3A75-BB94-D237BD683A19} = {C8D1DAA8-299A-3A75-BB94-D237BD683A19}
		{075BF168-A456-3DC6-9B8F-D305499AE191} = {075BF168-A456-3DC6-9B8F-D305499AE191}
	EndProjectSection
EndProject
Project("{8BC9CEB8-8B4A-11D0-8D11-00A0C91BC942}") = "PhysXFoundation", "PhysXFoundation.vcxproj", "{6461E60B-D34A-3371-BA27-73921B1235C8}"
	ProjectSection(ProjectDependencies) = postProject
		{075BF168-A456-3DC6-9B8F-D305499AE191} = {075BF168-A456-3DC6-9B8F-D305499AE191}
	EndProjectSection
EndProject
Project("{8BC9CEB8-8B4A-11D0-8D11-00A0C91BC942}") = "PhysXPvdSDK", "PhysXPvdSDK.vcxproj", "{C8D1DAA8-299A-3A75-BB94-D237BD683A19}"
	ProjectSection(ProjectDependencies) = postProject
		{6461E60B-D34A-3371-BA27-73921B1235C8} = {6461E60B-D34A-3371-BA27-73921B1235C8}
		{075BF168-A456-3DC6-9B8F-D305499AE191} = {075BF168-A456-3DC6-9B8F-D305499AE191}
	EndProjectSection
EndProject
Project("{8BC9CEB8-8B4A-11D0-8D11-00A0C91BC942}") = "PhysXTask", "PhysXTask.vcxproj", "{B0795E3E-A37D-3180-8D4B-95E2356CBE05}"
	ProjectSection(ProjectDependencies) = postProject
		{075BF168-A456-3DC6-9B8F-D305499AE191} = {075BF168-A456-3DC6-9B8F-D305499AE191}
	EndProjectSection
EndProject
Project("{8BC9CEB8-8B4A-11D0-8D11-00A0C91BC942}") = "PhysXVehicle", "PhysXVehicle.vcxproj", "{9C2FC98B-D21C-36BE-AD0D-4ADF8CC7BE89}"
	ProjectSection(ProjectDependencies) = postProject
		{6461E60B-D34A-3371-BA27-73921B1235C8} = {6461E60B-D34A-3371-BA27-73921B1235C8}
		{C8D1DAA8-299A-3A75-BB94-D237BD683A19} = {C8D1DAA8-299A-3A75-BB94-D237BD683A19}
		{075BF168-A456-3DC6-9B8F-D305499AE191} = {075BF168-A456-3DC6-9B8F-D305499AE191}
	EndProjectSection
EndProject
Project("{8BC9CEB8-8B4A-11D0-8D11-00A0C91BC942}") = "SceneQuery", "SceneQuery.vcxproj", "{1C4993E5-3C06-3068-8A99-3FFD398DAADE}"
	ProjectSection(ProjectDependencies) = postProject
		{075BF168-A456-3DC6-9B8F-D305499AE191} = {075BF168-A456-3DC6-9B8F-D305499AE191}
	EndProjectSection
EndProject
Project("{8BC9CEB8-8B4A-11D0-8D11-00A0C91BC942}") = "SimulationController", "SimulationController.vcxproj", "{C49FBC83-B83B-35C3-A774-D84C34369A1D}"
	ProjectSection(ProjectDependencies) = postProject
		{075BF168-A456-3DC6-9B8F-D305499AE191} = {075BF168-A456-3DC6-9B8F-D305499AE191}
	EndProjectSection
EndProject
Project("{8BC9CEB8-8B4A-11D0-8D11-00A0C91BC942}") = "ZERO_CHECK", "..\\ZERO_CHECK.vcxproj", "{075BF168-A456-3DC6-9B8F-D305499AE191}"
	ProjectSection(ProjectDependencies) = postProject
	EndProjectSection
EndProject
Global
	GlobalSection(SolutionConfigurationPlatforms) = preSolution
		debug|x64 = debug|x64
		checked|x64 = checked|x64
		profile|x64 = profile|x64
		release|x64 = release|x64
	EndGlobalSection
	GlobalSection(ProjectConfigurationPlatforms) = postSolution
		{E14FCE78-C7DF-39C9-9792-A8BC844CB6D9}.debug|x64.ActiveCfg = debug|x64
		{E14FCE78-C7DF-39C9-9792-A8BC844CB6D9}.debug|x64.Build.0 = debug|x64
		{E14FCE78-C7DF-39C9-9792-A8BC844CB6D9}.checked|x64.ActiveCfg = checked|x64
		{E14FCE78-C7DF-39C9-9792-A8BC844CB6D9}.checked|x64.Build.0 = checked|x64
		{E14FCE78-C7DF-39C9-9792-A8BC844CB6D9}.profile|x64.ActiveCfg = profile|x64
		{E14FCE78-C7DF-39C9-9792-A8BC844CB6D9}.profile|x64.Build.0 = profile|x64
		{E14FCE78-C7DF-39C9-9792-A8BC844CB6D9}.release|x64.ActiveCfg = release|x64
		{E14FCE78-C7DF-39C9-9792-A8BC844CB6D9}.release|x64.Build.0 = release|x64
		{C6E3294F-217B-3DBE-8113-FD0988A2AA95}.debug|x64.ActiveCfg = debug|x64
		{C6E3294F-217B-3DBE-8113-FD0988A2AA95}.debug|x64.Build.0 = debug|x64
		{C6E3294F-217B-3DBE-8113-FD0988A2AA95}.checked|x64.ActiveCfg = checked|x64
		{C6E3294F-217B-3DBE-8113-FD0988A2AA95}.checked|x64.Build.0 = checked|x64
		{C6E3294F-217B-3DBE-8113-FD0988A2AA95}.profile|x64.ActiveCfg = profile|x64
		{C6E3294F-217B-3DBE-8113-FD0988A2AA95}.profile|x64.Build.0 = profile|x64
		{C6E3294F-217B-3DBE-8113-FD0988A2AA95}.release|x64.ActiveCfg = release|x64
		{C6E3294F-217B-3DBE-8113-FD0988A2AA95}.release|x64.Build.0 = release|x64
		{5F54A91D-D7EF-3451-B18F-A6FDB4700B7C}.debug|x64.ActiveCfg = debug|x64
		{5F54A91D-D7EF-3451-B18F-A6FDB4700B7C}.checked|x64.ActiveCfg = checked|x64
		{5F54A91D-D7EF-3451-B18F-A6FDB4700B7C}.profile|x64.ActiveCfg = profile|x64
		{5F54A91D-D7EF-3451-B18F-A6FDB4700B7C}.release|x64.ActiveCfg = release|x64
		{B977CDBA-7C46-3873-B1D4-F45AF258C459}.debug|x64.ActiveCfg = debug|x64
		{B977CDBA-7C46-3873-B1D4-F45AF258C459}.debug|x64.Build.0 = debug|x64
		{B977CDBA-7C46-3873-B1D4-F45AF258C459}.checked|x64.ActiveCfg = checked|x64
		{B977CDBA-7C46-3873-B1D4-F45AF258C459}.checked|x64.Build.0 = checked|x64
		{B977CDBA-7C46-3873-B1D4-F45AF258C459}.profile|x64.ActiveCfg = profile|x64
		{B977CDBA-7C46-3873-B1D4-F45AF258C459}.profile|x64.Build.0 = profile|x64
		{B977CDBA-7C46-3873-B1D4-F45AF258C459}.release|x64.ActiveCfg = release|x64
		{B977CDBA-7C46-3873-B1D4-F45AF258C459}.release|x64.Build.0 = release|x64
		{EB9CA769-159F-3872-B6DF-DBEA5A970141}.debug|x64.ActiveCfg = debug|x64
		{EB9CA769-159F-3872-B6DF-DBEA5A970141}.debug|x64.Build.0 = debug|x64
		{EB9CA769-159F-3872-B6DF-DBEA5A970141}.checked|x64.ActiveCfg = checked|x64
		{EB9CA769-159F-3872-B6DF-DBEA5A970141}.checked|x64.Build.0 = checked|x64
		{EB9CA769-159F-3872-B6DF-DBEA5A970141}.profile|x64.ActiveCfg = profile|x64
		{EB9CA769-159F-3872-B6DF-DBEA5A970141}.profile|x64.Build.0 = profile|x64
		{EB9CA769-159F-3872-B6DF-DBEA5A970141}.release|x64.ActiveCfg = release|x64
		{EB9CA769-159F-3872-B6DF-DBEA5A970141}.release|x64.Build.0 = release|x64
		{A09C774F-50E7-3F01-821B-572D5F767055}.debug|x64.ActiveCfg = debug|x64
		{A09C774F-50E7-3F01-821B-572D5F767055}.debug|x64.Build.0 = debug|x64
		{A09C774F-50E7-3F01-821B-572D5F767055}.checked|x64.ActiveCfg = checked|x64
		{A09C774F-50E7-3F01-821B-572D5F767055}.checked|x64.Build.0 = checked|x64
		{A09C774F-50E7-3F01-821B-572D5F767055}.profile|x64.ActiveCfg = profile|x64
		{A09C774F-50E7-3F01-821B-572D5F767055}.profile|x64.Build.0 = profile|x64
		{A09C774F-50E7-3F01-821B-572D5F767055}.release|x64.ActiveCfg = release|x64
		{A09C774F-50E7-3F01-821B-572D5F767055}.release|x64.Build.0 = release|x64
		{BAFDB6BB-8812-3445-9E97-81D097CCB61A}.debug|x64.ActiveCfg = debug|x64
		{BAFDB6BB-8812-3445-9E97-81D097CCB61A}.debug|x64.Build.0 = debug|x64
		{BAFDB6BB-8812-3445-9E97-81D097CCB61A}.checked|x64.ActiveCfg = checked|x64
		{BAFDB6BB-8812-3445-9E97-81D097CCB61A}.checked|x64.Build.0 = checked|x64
		{BAFDB6BB-8812-3445-9E97-81D097CCB61A}.profile|x64.ActiveCfg = profile|x64
		{BAFDB6BB-8812-3445-9E97-81D097CCB61A}.profile|x64.Build.0 = profile|x64
		{BAFDB6BB-8812-3445-9E97-81D097CCB61A}.release|x64.ActiveCfg = release|x64
		{BAFDB6BB-8812-3445-9E97-81D097CCB61A}.release|x64.Build.0 = release|x64
		{23F1A3AC-D92A-3BDD-9767-B0DA2A900DFE}.debug|x64.ActiveCfg = debug|x64
		{23F1A3AC-D92A-3BDD-9767-B0DA2A900DFE}.debug|x64.Build.0 = debug|x64
		{23F1A3AC-D92A-3BDD-9767-B0DA2A900DFE}.checked|x64.ActiveCfg = checked|x64
		{23F1A3AC-D92A-3BDD-9767-B0DA2A900DFE}.checked|x64.Build.0 = checked|x64
		{23F1A3AC-D92A-3BDD-9767-B0DA2A900DFE}.profile|x64.ActiveCfg = profile|x64
		{23F1A3AC-D92A-3BDD-9767-B0DA2A900DFE}.profile|x64.Build.0 = profile|x64
		{23F1A3AC-D92A-3BDD-9767-B0DA2A900DFE}.release|x64.ActiveCfg = release|x64
		{23F1A3AC-D92A-3BDD-9767-B0DA2A900DFE}.release|x64.Build.0 = release|x64
		{2791405B-DFA9-355E-9ED7-CAD2B3DBB711}.debug|x64.ActiveCfg = debug|x64
		{2791405B-DFA9-355E-9ED7-CAD2B3DBB711}.debug|x64.Build.0 = debug|x64
		{2791405B-DFA9-355E-9ED7-CAD2B3DBB711}.checked|x64.ActiveCfg = checked|x64
		{2791405B-DFA9-355E-9ED7-CAD2B3DBB711}.checked|x64.Build.0 = checked|x64
		{2791405B-DFA9-355E-9ED7-CAD2B3DBB711}.profile|x64.ActiveCfg = profile|x64
		{2791405B-DFA9-355E-9ED7-CAD2B3DBB711}.profile|x64.Build.0 = profile|x64
		{2791405B-DFA9-355E-9ED7-CAD2B3DBB711}.release|x64.ActiveCfg = release|x64
		{2791405B-DFA9-355E-9ED7-CAD2B3DBB711}.release|x64.Build.0 = release|x64
		{0943E9FC-24C8-340A-83A9-D3728F76C156}.debug|x64.ActiveCfg = debug|x64
		{0943E9FC-24C8-340A-83A9-D3728F76C156}.debug|x64.Build.0 = debug|x64
		{0943E9FC-24C8-340A-83A9-D3728F76C156}.checked|x64.ActiveCfg = checked|x64
		{0943E9FC-24C8-340A-83A9-D3728F76C156}.checked|x64.Build.0 = checked|x64
		{0943E9FC-24C8-340A-83A9-D3728F76C156}.profile|x64.ActiveCfg = profile|x64
		{0943E9FC-24C8-340A-83A9-D3728F76C156}.profile|x64.Build.0 = profile|x64
		{0943E9FC-24C8-340A-83A9-D3728F76C156}.release|x64.ActiveCfg = release|x64
		{0943E9FC-24C8-340A-83A9-D3728F76C156}.release|x64.Build.0 = release|x64
		{76CC0045-5027-3658-9E8E-310508303274}.debug|x64.ActiveCfg = debug|x64
		{76CC0045-5027-3658-9E8E-310508303274}.debug|x64.Build.0 = debug|x64
		{76CC0045-5027-3658-9E8E-310508303274}.checked|x64.ActiveCfg = checked|x64
		{76CC0045-5027-3658-9E8E-310508303274}.checked|x64.Build.0 = checked|x64
		{76CC0045-5027-3658-9E8E-310508303274}.profile|x64.ActiveCfg = profile|x64
		{76CC0045-5027-3658-9E8E-310508303274}.profile|x64.Build.0 = profile|x64
		{76CC0045-5027-3658-9E8E-310508303274}.release|x64.ActiveCfg = release|x64
		{76CC0045-5027-3658-9E8E-310508303274}.release|x64.Build.0 = release|x64
		{6461E60B-D34A-3371-BA27-73921B1235C8}.debug|x64.ActiveCfg = debug|x64
		{6461E60B-D34A-3371-BA27-73921B1235C8}.debug|x64.Build.0 = debug|x64
		{6461E60B-D34A-3371-BA27-73921B1235C8}.checked|x64.ActiveCfg = checked|x64
		{6461E60B-D34A-3371-BA27-73921B1235C8}.checked|x64.Build.0 = checked|x64
		{6461E60B-D34A-3371-BA27-73921B1235C8}.profile|x64.ActiveCfg = profile|x64
		{6461E60B-D34A-3371-BA27-73921B1235C8}.profile|x64.Build.0 = profile|x64
		{6461E60B-D34A-3371-BA27-73921B1235C8}.release|x64.ActiveCfg = release|x64
		{6461E60B-D34A-3371-BA27-73921B1235C8}.release|x64.Build.0 = release|x64
		{C8D1DAA8-299A-3A75-BB94-D237BD683A19}.debug|x64.ActiveCfg = debug|x64
		{C8D1DAA8-299A-3A75-BB94-D237BD683A19}.debug|x64.Build.0 = debug|x64
		{C8D1DAA8-299A-3A75-BB94-D237BD683A19}.checked|x64.ActiveCfg = checked|x64
		{C8D1DAA8-299A-3A75-BB94-D237BD683A19}.checked|x64.Build.0 = checked|x64
		{C8D1DAA8-299A-3A75-BB94-D237BD683A19}.profile|x64.ActiveCfg = profile|x64
		{C8D1DAA8-299A-3A75-BB94-D237BD683A19}.profile|x64.Build.0 = profile|x64
		{C8D1DAA8-299A-3A75-BB94-D237BD683A19}.release|x64.ActiveCfg = release|x64
		{C8D1DAA8-299A-3A75-BB94-D237BD683A19}.release|x64.Build.0 = release|x64
		{B0795E3E-A37D-3180-8D4B-95E2356CBE05}.debug|x64.ActiveCfg = debug|x64
		{B0795E3E-A37D-3180-8D4B-95E2356CBE05}.debug|x64.Build.0 = debug|x64
		{B0795E3E-A37D-3180-8D4B-95E2356CBE05}.checked|x64.ActiveCfg = checked|x64
		{B0795E3E-A37D-3180-8D4B-95E2356CBE05}.checked|x64.Build.0 = checked|x64
		{B0795E3E-A37D-3180-8D4B-95E2356CBE05}.profile|x64.ActiveCfg = profile|x64
		{B0795E3E-A37D-3180-8D4B-95E2356CBE05}.profile|x64.Build.0 = profile|x64
		{B0795E3E-A37D-3180-8D4B-95E2356CBE05}.release|x64.ActiveCfg = release|x64
		{B0795E3E-A37D-3180-8D4B-95E2356CBE05}.release|x64.Build.0 = release|x64
		{9C2FC98B-D21C-36BE-AD0D-4ADF8CC7BE89}.debug|x64.ActiveCfg = debug|x64
		{9C2FC98B-D21C-36BE-AD0D-4ADF8CC7BE89}.debug|x64.Build.0 = debug|x64
		{9C2FC98B-D21C-36BE-AD0D-4ADF8CC7BE89}.checked|x64.ActiveCfg = checked|x64
		{9C2FC98B-D21C-36BE-AD0D-4ADF8CC7BE89}.checked|x64.Build.0 = checked|x64
		{9C2FC98B-D21C-36BE-AD0D-4ADF8CC7BE89}.profile|x64.ActiveCfg = profile|x64
		{9C2FC98B-D21C-36BE-AD0D-4ADF8CC7BE89}.profile|x64.Build.0 = profile|x64
		{9C2FC98B-D21C-36BE-AD0D-4ADF8CC7BE89}.release|x64.ActiveCfg = release|x64
		{9C2FC98B-D21C-36BE-AD0D-4ADF8CC7BE89}.release|x64.Build.0 = release|x64
		{1C4993E5-3C06-3068-8A99-3FFD398DAADE}.debug|x64.ActiveCfg = debug|x64
		{1C4993E5-3C06-3068-8A99-3FFD398DAADE}.debug|x64.Build.0 = debug|x64
		{1C4993E5-3C06-3068-8A99-3FFD398DAADE}.checked|x64.ActiveCfg = checked|x64
		{1C4993E5-3C06-3068-8A99-3FFD398DAADE}.checked|x64.Build.0 = checked|x64
		{1C4993E5-3C06-3068-8A99-3FFD398DAADE}.profile|x64.ActiveCfg = profile|x64
		{1C4993E5-3C06-3068-8A99-3FFD398DAADE}.profile|x64.Build.0 = profile|x64
		{1C4993E5-3C06-3068-8A99-3FFD398DAADE}.release|x64.ActiveCfg = release|x64
		{1C4993E5-3C06-3068-8A99-3FFD398DAADE}.release|x64.Build.0 = release|x64
		{C49FBC83-B83B-35C3-A774-D84C34369A1D}.debug|x64.ActiveCfg = debug|x64
		{C49FBC83-B83B-35C3-A774-D84C34369A1D}.debug|x64.Build.0 = debug|x64
		{C49FBC83-B83B-35C3-A774-D84C34369A1D}.checked|x64.ActiveCfg = checked|x64
		{C49FBC83-B83B-35C3-A774-D84C34369A1D}.checked|x64.Build.0 = checked|x64
		{C49FBC83-B83B-35C3-A774-D84C34369A1D}.profile|x64.ActiveCfg = profile|x64
		{C49FBC83-B83B-35C3-A774-D84C34369A1D}.profile|x64.Build.0 = profile|x64
		{C49FBC83-B83B-35C3-A774-D84C34369A1D}.release|x64.ActiveCfg = release|x64
		{C49FBC83-B83B-35C3-A774-D84C34369A1D}.release|x64.Build.0 = release|x64
		{075BF168-A456-3DC6-9B8F-D305499AE191}.debug|x64.ActiveCfg = debug|x64
		{075BF168-A456-3DC6-9B8F-D305499AE191}.debug|x64.Build.0 = debug|x64
		{075BF168-A456-3DC6-9B8F-D305499AE191}.checked|x64.ActiveCfg = checked|x64
		{075BF168-A456-3DC6-9B8F-D305499AE191}.checked|x64.Build.0 = checked|x64
		{075BF168-A456-3DC6-9B8F-D305499AE191}.profile|x64.ActiveCfg = profile|x64
		{075BF168-A456-3DC6-9B8F-D305499AE191}.profile|x64.Build.0 = profile|x64
		{075BF168-A456-3DC6-9B8F-D305499AE191}.release|x64.ActiveCfg = release|x64
		{075BF168-A456-3DC6-9B8F-D305499AE191}.release|x64.Build.0 = release|x64
	EndGlobalSection
	GlobalSection(NestedProjects) = preSolution
		{E14FCE78-C7DF-39C9-9792-A8BC844CB6D9} = {54EA7AD1-9CD4-35D8-9728-7E90177D5F80}
		{5F54A91D-D7EF-3451-B18F-A6FDB4700B7C} = {54EA7AD1-9CD4-35D8-9728-7E90177D5F80}
		{075BF168-A456-3DC6-9B8F-D305499AE191} = {54EA7AD1-9CD4-35D8-9728-7E90177D5F80}
		{C6E3294F-217B-3DBE-8113-FD0988A2AA95} = {6A2CE0E9-A65A-360F-AFC6-AC24AFE3E2B6}
		{B977CDBA-7C46-3873-B1D4-F45AF258C459} = {6A2CE0E9-A65A-360F-AFC6-AC24AFE3E2B6}
		{EB9CA769-159F-3872-B6DF-DBEA5A970141} = {6A2CE0E9-A65A-360F-AFC6-AC24AFE3E2B6}
		{A09C774F-50E7-3F01-821B-572D5F767055} = {6A2CE0E9-A65A-360F-AFC6-AC24AFE3E2B6}
		{BAFDB6BB-8812-3445-9E97-81D097CCB61A} = {6A2CE0E9-A65A-360F-AFC6-AC24AFE3E2B6}
		{23F1A3AC-D92A-3BDD-9767-B0DA2A900DFE} = {6A2CE0E9-A65A-360F-AFC6-AC24AFE3E2B6}
		{2791405B-DFA9-355E-9ED7-CAD2B3DBB711} = {6A2CE0E9-A65A-360F-AFC6-AC24AFE3E2B6}
		{0943E9FC-24C8-340A-83A9-D3728F76C156} = {6A2CE0E9-A65A-360F-AFC6-AC24AFE3E2B6}
		{76CC0045-5027-3658-9E8E-310508303274} = {6A2CE0E9-A65A-360F-AFC6-AC24AFE3E2B6}
		{6461E60B-D34A-3371-BA27-73921B1235C8} = {6A2CE0E9-A65A-360F-AFC6-AC24AFE3E2B6}
		{C8D1DAA8-299A-3A75-BB94-D237BD683A19} = {6A2CE0E9-A65A-360F-AFC6-AC24AFE3E2B6}
		{B0795E3E-A37D-3180-8D4B-95E2356CBE05} = {6A2CE0E9-A65A-360F-AFC6-AC24AFE3E2B6}
		{9C2FC98B-D21C-36BE-AD0D-4ADF8CC7BE89} = {6A2CE0E9-A65A-360F-AFC6-AC24AFE3E2B6}
		{1C4993E5-3C06-3068-8A99-3FFD398DAADE} = {6A2CE0E9-A65A-360F-AFC6-AC24AFE3E2B6}
		{C49FBC83-B83B-35C3-A774-D84C34369A1D} = {6A2CE0E9-A65A-360F-AFC6-AC24AFE3E2B6}
	EndGlobalSection
	GlobalSection(ExtensibilityGlobals) = postSolution
		SolutionGuid = {0F356FD2-BF53-3370-9104-24240CC9997F}
	EndGlobalSection
	GlobalSection(ExtensibilityAddIns) = postSolution
	EndGlobalSection
EndGlobal
