<?xml version="1.0" encoding="utf-8"?>
<Project ToolsVersion="17.0" xmlns="http://schemas.microsoft.com/developer/msbuild/2003">
  <ItemGroup>
    <ClCompile Include="C:\Source\PhysX\physx\source\physxcooking\src\Adjacencies.cpp">
      <Filter>src</Filter>
    </ClCompile>
    <ClCompile Include="C:\Source\PhysX\physx\source\physxcooking\src\Cooking.cpp">
      <Filter>src</Filter>
    </ClCompile>
    <ClCompile Include="C:\Source\PhysX\physx\source\physxcooking\src\CookingUtils.cpp">
      <Filter>src</Filter>
    </ClCompile>
    <ClCompile Include="C:\Source\PhysX\physx\source\physxcooking\src\EdgeList.cpp">
      <Filter>src</Filter>
    </ClCompile>
    <ClCompile Include="C:\Source\PhysX\physx\source\physxcooking\src\MeshCleaner.cpp">
      <Filter>src</Filter>
    </ClCompile>
    <ClCompile Include="C:\Source\PhysX\physx\source\physxcooking\src\Quantizer.cpp">
      <Filter>src</Filter>
    </ClCompile>
    <ClCompile Include="C:\Source\PhysX\physx\source\physxcooking\src\BVHStructureBuilder.cpp">
      <Filter>src</Filter>
    </ClCompile>
    <ClCompile Include="C:\Source\PhysX\physx\source\physxcooking\src\mesh\HeightFieldCooking.cpp">
      <Filter>src\mesh</Filter>
    </ClCompile>
    <ClCompile Include="C:\Source\PhysX\physx\source\physxcooking\src\mesh\RTreeCooking.cpp">
      <Filter>src\mesh</Filter>
    </ClCompile>
    <ClCompile Include="C:\Source\PhysX\physx\source\physxcooking\src\mesh\MeshBuilder.cpp">
      <Filter>src\mesh</Filter>
    </ClCompile>
    <ClCompile Include="C:\Source\PhysX\physx\source\physxcooking\src\mesh\TriangleMeshBuilder.cpp">
      <Filter>src\mesh</Filter>
    </ClCompile>
    <ClCompile Include="C:\Source\PhysX\physx\source\physxcooking\src\mesh\GrbTriangleMeshCooking.cpp">
      <Filter>src\mesh</Filter>
    </ClCompile>
    <ClCompile Include="C:\Source\PhysX\physx\source\physxcooking\src\convex\BigConvexDataBuilder.cpp">
      <Filter>src\convex</Filter>
    </ClCompile>
    <ClCompile Include="C:\Source\PhysX\physx\source\physxcooking\src\convex\ConvexHullBuilder.cpp">
      <Filter>src\convex</Filter>
    </ClCompile>
    <ClCompile Include="C:\Source\PhysX\physx\source\physxcooking\src\convex\ConvexHullLib.cpp">
      <Filter>src\convex</Filter>
    </ClCompile>
    <ClCompile Include="C:\Source\PhysX\physx\source\physxcooking\src\convex\ConvexHullUtils.cpp">
      <Filter>src\convex</Filter>
    </ClCompile>
    <ClCompile Include="C:\Source\PhysX\physx\source\physxcooking\src\convex\ConvexMeshBuilder.cpp">
      <Filter>src\convex</Filter>
    </ClCompile>
    <ClCompile Include="C:\Source\PhysX\physx\source\physxcooking\src\convex\ConvexPolygonsBuilder.cpp">
      <Filter>src\convex</Filter>
    </ClCompile>
    <ClCompile Include="C:\Source\PhysX\physx\source\physxcooking\src\convex\QuickHullConvexHullLib.cpp">
      <Filter>src\convex</Filter>
    </ClCompile>
    <ClCompile Include="C:\Source\PhysX\physx\source\physxcooking\src\convex\VolumeIntegration.cpp">
      <Filter>src\convex</Filter>
    </ClCompile>
    <ClCompile Include="C:\Source\PhysX\physx\source\physxcooking\src\windows\WindowsCookingDelayLoadHook.cpp">
      <Filter>src\windows</Filter>
    </ClCompile>
  </ItemGroup>
  <ItemGroup>
    <ClInclude Include="C:\Source\PhysX\physx\include\cooking\PxBVH33MidphaseDesc.h">
      <Filter>include</Filter>
    </ClInclude>
    <ClInclude Include="C:\Source\PhysX\physx\include\cooking\PxBVH34MidphaseDesc.h">
      <Filter>include</Filter>
    </ClInclude>
    <ClInclude Include="C:\Source\PhysX\physx\include\cooking\Pxc.h">
      <Filter>include</Filter>
    </ClInclude>
    <ClInclude Include="C:\Source\PhysX\physx\include\cooking\PxConvexMeshDesc.h">
      <Filter>include</Filter>
    </ClInclude>
    <ClInclude Include="C:\Source\PhysX\physx\include\cooking\PxCooking.h">
      <Filter>include</Filter>
    </ClInclude>
    <ClInclude Include="C:\Source\PhysX\physx\include\cooking\PxMidphaseDesc.h">
      <Filter>include</Filter>
    </ClInclude>
    <ClInclude Include="C:\Source\PhysX\physx\include\cooking\PxTriangleMeshDesc.h">
      <Filter>include</Filter>
    </ClInclude>
    <ClInclude Include="C:\Source\PhysX\physx\include\cooking\PxBVHStructureDesc.h">
      <Filter>include</Filter>
    </ClInclude>
    <ClInclude Include="C:\Source\PhysX\physx\source\physxcooking\src\Adjacencies.h">
      <Filter>src</Filter>
    </ClInclude>
    <ClInclude Include="C:\Source\PhysX\physx\source\physxcooking\src\Cooking.h">
      <Filter>src</Filter>
    </ClInclude>
    <ClInclude Include="C:\Source\PhysX\physx\source\physxcooking\src\CookingUtils.h">
      <Filter>src</Filter>
    </ClInclude>
    <ClInclude Include="C:\Source\PhysX\physx\source\physxcooking\src\EdgeList.h">
      <Filter>src</Filter>
    </ClInclude>
    <ClInclude Include="C:\Source\PhysX\physx\source\physxcooking\src\MeshCleaner.h">
      <Filter>src</Filter>
    </ClInclude>
    <ClInclude Include="C:\Source\PhysX\physx\source\physxcooking\src\Quantizer.h">
      <Filter>src</Filter>
    </ClInclude>
    <ClInclude Include="C:\Source\PhysX\physx\source\physxcooking\src\BVHStructureBuilder.h">
      <Filter>src</Filter>
    </ClInclude>
    <ClInclude Include="C:\Source\PhysX\physx\source\physxcooking\src\mesh\GrbTriangleMeshCooking.h">
      <Filter>src\mesh</Filter>
    </ClInclude>
    <ClInclude Include="C:\Source\PhysX\physx\source\physxcooking\src\mesh\HeightFieldCooking.h">
      <Filter>src\mesh</Filter>
    </ClInclude>
    <ClInclude Include="C:\Source\PhysX\physx\source\physxcooking\src\mesh\QuickSelect.h">
      <Filter>src\mesh</Filter>
    </ClInclude>
    <ClInclude Include="C:\Source\PhysX\physx\source\physxcooking\src\mesh\RTreeCooking.h">
      <Filter>src\mesh</Filter>
    </ClInclude>
    <ClInclude Include="C:\Source\PhysX\physx\source\physxcooking\src\mesh\MeshBuilder.h">
      <Filter>src\mesh</Filter>
    </ClInclude>
    <ClInclude Include="C:\Source\PhysX\physx\source\physxcooking\src\mesh\TriangleMeshBuilder.h">
      <Filter>src\mesh</Filter>
    </ClInclude>
    <ClInclude Include="C:\Source\PhysX\physx\source\physxcooking\src\convex\BigConvexDataBuilder.h">
      <Filter>src\convex</Filter>
    </ClInclude>
    <ClInclude Include="C:\Source\PhysX\physx\source\physxcooking\src\convex\ConvexHullBuilder.h">
      <Filter>src\convex</Filter>
    </ClInclude>
    <ClInclude Include="C:\Source\PhysX\physx\source\physxcooking\src\convex\ConvexHullLib.h">
      <Filter>src\convex</Filter>
    </ClInclude>
    <ClInclude Include="C:\Source\PhysX\physx\source\physxcooking\src\convex\ConvexHullUtils.h">
      <Filter>src\convex</Filter>
    </ClInclude>
    <ClInclude Include="C:\Source\PhysX\physx\source\physxcooking\src\convex\ConvexMeshBuilder.h">
      <Filter>src\convex</Filter>
    </ClInclude>
    <ClInclude Include="C:\Source\PhysX\physx\source\physxcooking\src\convex\ConvexPolygonsBuilder.h">
      <Filter>src\convex</Filter>
    </ClInclude>
    <ClInclude Include="C:\Source\PhysX\physx\source\physxcooking\src\convex\QuickHullConvexHullLib.h">
      <Filter>src\convex</Filter>
    </ClInclude>
    <ClInclude Include="C:\Source\PhysX\physx\source\physxcooking\src\convex\VolumeIntegration.h">
      <Filter>src\convex</Filter>
    </ClInclude>
  </ItemGroup>
  <ItemGroup>
    <CustomBuild Include="C:\Source\PhysX\physx\source\compiler\cmake\CMakeLists.txt" />
  </ItemGroup>
  <ItemGroup>
    <ResourceCompile Include="C:\Source\PhysX\physx\source\compiler\resource_x64\PhysXCooking.rc">
      <Filter>resource</Filter>
    </ResourceCompile>
  </ItemGroup>
  <ItemGroup>
    <Filter Include="include">
      <UniqueIdentifier>{D9785D95-A635-30B3-BBA2-792E4E72CF8D}</UniqueIdentifier>
    </Filter>
    <Filter Include="resource">
      <UniqueIdentifier>{51C166B3-58CE-33E7-8DA9-82AE1EF67D45}</UniqueIdentifier>
    </Filter>
    <Filter Include="src">
      <UniqueIdentifier>{C6ED6CA3-C3D0-358B-9855-0C01F2F89DE0}</UniqueIdentifier>
    </Filter>
    <Filter Include="src\convex">
      <UniqueIdentifier>{C29082CA-BBFF-3115-9D6F-7E8CFEA96070}</UniqueIdentifier>
    </Filter>
    <Filter Include="src\mesh">
      <UniqueIdentifier>{95FAEC79-5F2A-3F0E-B096-A3F255529137}</UniqueIdentifier>
    </Filter>
    <Filter Include="src\windows">
      <UniqueIdentifier>{3692A071-5801-36D0-ABA0-AAE0C687EE49}</UniqueIdentifier>
    </Filter>
  </ItemGroup>
</Project>
