<?xml version="1.0" encoding="utf-8"?>
<Project ToolsVersion="17.0" xmlns="http://schemas.microsoft.com/developer/msbuild/2003">
  <ItemGroup>
    <ClCompile Include="C:\Source\PhysX\physx\snippets\snippetcommon\ClassicMain.cpp">
      <Filter>Source Files</Filter>
    </ClCompile>
    <ClCompile Include="C:\Source\PhysX\physx\snippets\snippetbvhstructure\SnippetBVHStructure.cpp">
      <Filter>Source Files</Filter>
    </ClCompile>
  </ItemGroup>
  <ItemGroup>
    <ClInclude Include="C:\Source\PhysX\physx\snippets\snippetcommon\SnippetPrint.h">
      <Filter>Header Files</Filter>
    </ClInclude>
    <ClInclude Include="C:\Source\PhysX\physx\snippets\snippetcommon\SnippetPVD.h">
      <Filter>Header Files</Filter>
    </ClInclude>
  </ItemGroup>
  <ItemGroup>
    <CustomBuild Include="C:\Source\PhysX\physx\snippets\compiler\cmake\CMakeLists.txt" />
  </ItemGroup>
  <ItemGroup>
    <Filter Include="Header Files">
      <UniqueIdentifier>{C1FA5896-7953-31CB-B6F5-960EF5FC58F8}</UniqueIdentifier>
    </Filter>
    <Filter Include="Source Files">
      <UniqueIdentifier>{02DF7CE8-0075-3192-AD79-41D10057D913}</UniqueIdentifier>
    </Filter>
  </ItemGroup>
</Project>
