
Microsoft Visual Studio Solution File, Format Version 12.00
# Visual Studio Version 17
Project("{2150E333-8FDC-42A3-9474-1A3956D46DE8}") = "CMakePredefinedTargets", "CMakePredefinedTargets", "{9C2D128B-5E77-39F0-8200-4528FF014A6D}"
EndProject
Project("{2150E333-8FDC-42A3-9474-1A3956D46DE8}") = "PhysX SDK", "PhysX SDK", "{15C839F3-C200-34C1-9308-D4533562FE6A}"
EndProject
Project("{8BC9CEB8-8B4A-11D0-8D11-00A0C91BC942}") = "ALL_BUILD", "ALL_BUILD.vcxproj", "{36CE6265-F6AB-3EF2-AEC2-4C702325BA74}"
	ProjectSection(ProjectDependencies) = postProject
		{BF823E36-9D5F-3193-BB11-E85AC5FD1135} = {BF823E36-9D5F-3193-BB11-E85AC5FD1135}
		{6D81E47C-3BED-33D0-B3AD-36041D76F5AF} = {6D81E47C-3BED-33D0-B3AD-36041D76F5AF}
		{CC8215B8-09C7-3056-8FC1-ACED0825CD42} = {CC8215B8-09C7-3056-8FC1-ACED0825CD42}
		{ED7F9019-E3CE-3B85-AEFF-AC75ECCB4173} = {ED7F9019-E3CE-3B85-AEFF-AC75ECCB4173}
		{B1FA2846-0137-3D20-8D2D-ADC554F43B5D} = {B1FA2846-0137-3D20-8D2D-ADC554F43B5D}
		{E03680D5-32B3-36AF-86FA-8528FEFF5E9D} = {E03680D5-32B3-36AF-86FA-8528FEFF5E9D}
		{ABAF2A57-8E15-390F-8610-3213AA869164} = {ABAF2A57-8E15-390F-8610-3213AA869164}
		{DA3DD1D4-2ADC-31AC-9BFE-5CBC26F85F3C} = {DA3DD1D4-2ADC-31AC-9BFE-5CBC26F85F3C}
		{0F0B95BC-052E-32B7-806E-9D8D141C6B6F} = {0F0B95BC-052E-32B7-806E-9D8D141C6B6F}
		{05BA4E87-C9FA-3863-8726-B960839D3584} = {05BA4E87-C9FA-3863-8726-B960839D3584}
		{CFEF1C28-4794-3CD9-9FB9-0DAEA9C5F723} = {CFEF1C28-4794-3CD9-9FB9-0DAEA9C5F723}
		{9EA8EA14-F27D-3E62-99DD-8F696CB45066} = {9EA8EA14-F27D-3E62-99DD-8F696CB45066}
		{CF10DFA1-7B6B-3DFC-9447-9A62C067CC5E} = {CF10DFA1-7B6B-3DFC-9447-9A62C067CC5E}
		{A3FD9EB8-83B8-396F-8599-1FFD0B4B3184} = {A3FD9EB8-83B8-396F-8599-1FFD0B4B3184}
		{5F5E5255-9878-32CE-B7F7-F30926039936} = {5F5E5255-9878-32CE-B7F7-F30926039936}
		{59136D0F-97F8-38F4-9FC6-6A78E21C47E7} = {59136D0F-97F8-38F4-9FC6-6A78E21C47E7}
	EndProjectSection
EndProject
Project("{8BC9CEB8-8B4A-11D0-8D11-00A0C91BC942}") = "FastXml", "FastXml.vcxproj", "{BF823E36-9D5F-3193-BB11-E85AC5FD1135}"
	ProjectSection(ProjectDependencies) = postProject
		{59136D0F-97F8-38F4-9FC6-6A78E21C47E7} = {59136D0F-97F8-38F4-9FC6-6A78E21C47E7}
	EndProjectSection
EndProject
Project("{8BC9CEB8-8B4A-11D0-8D11-00A0C91BC942}") = "INSTALL", "INSTALL.vcxproj", "{608392C8-8A2E-34C6-98B9-2B763FE176E4}"
	ProjectSection(ProjectDependencies) = postProject
		{36CE6265-F6AB-3EF2-AEC2-4C702325BA74} = {36CE6265-F6AB-3EF2-AEC2-4C702325BA74}
		{59136D0F-97F8-38F4-9FC6-6A78E21C47E7} = {59136D0F-97F8-38F4-9FC6-6A78E21C47E7}
	EndProjectSection
EndProject
Project("{8BC9CEB8-8B4A-11D0-8D11-00A0C91BC942}") = "LowLevel", "LowLevel.vcxproj", "{6D81E47C-3BED-33D0-B3AD-36041D76F5AF}"
	ProjectSection(ProjectDependencies) = postProject
		{59136D0F-97F8-38F4-9FC6-6A78E21C47E7} = {59136D0F-97F8-38F4-9FC6-6A78E21C47E7}
	EndProjectSection
EndProject
Project("{8BC9CEB8-8B4A-11D0-8D11-00A0C91BC942}") = "LowLevelAABB", "LowLevelAABB.vcxproj", "{CC8215B8-09C7-3056-8FC1-ACED0825CD42}"
	ProjectSection(ProjectDependencies) = postProject
		{59136D0F-97F8-38F4-9FC6-6A78E21C47E7} = {59136D0F-97F8-38F4-9FC6-6A78E21C47E7}
	EndProjectSection
EndProject
Project("{8BC9CEB8-8B4A-11D0-8D11-00A0C91BC942}") = "LowLevelDynamics", "LowLevelDynamics.vcxproj", "{ED7F9019-E3CE-3B85-AEFF-AC75ECCB4173}"
	ProjectSection(ProjectDependencies) = postProject
		{59136D0F-97F8-38F4-9FC6-6A78E21C47E7} = {59136D0F-97F8-38F4-9FC6-6A78E21C47E7}
	EndProjectSection
EndProject
Project("{8BC9CEB8-8B4A-11D0-8D11-00A0C91BC942}") = "PhysX", "PhysX.vcxproj", "{B1FA2846-0137-3D20-8D2D-ADC554F43B5D}"
	ProjectSection(ProjectDependencies) = postProject
		{6D81E47C-3BED-33D0-B3AD-36041D76F5AF} = {6D81E47C-3BED-33D0-B3AD-36041D76F5AF}
		{CC8215B8-09C7-3056-8FC1-ACED0825CD42} = {CC8215B8-09C7-3056-8FC1-ACED0825CD42}
		{ED7F9019-E3CE-3B85-AEFF-AC75ECCB4173} = {ED7F9019-E3CE-3B85-AEFF-AC75ECCB4173}
		{ABAF2A57-8E15-390F-8610-3213AA869164} = {ABAF2A57-8E15-390F-8610-3213AA869164}
		{05BA4E87-C9FA-3863-8726-B960839D3584} = {05BA4E87-C9FA-3863-8726-B960839D3584}
		{CFEF1C28-4794-3CD9-9FB9-0DAEA9C5F723} = {CFEF1C28-4794-3CD9-9FB9-0DAEA9C5F723}
		{9EA8EA14-F27D-3E62-99DD-8F696CB45066} = {9EA8EA14-F27D-3E62-99DD-8F696CB45066}
		{A3FD9EB8-83B8-396F-8599-1FFD0B4B3184} = {A3FD9EB8-83B8-396F-8599-1FFD0B4B3184}
		{5F5E5255-9878-32CE-B7F7-F30926039936} = {5F5E5255-9878-32CE-B7F7-F30926039936}
		{59136D0F-97F8-38F4-9FC6-6A78E21C47E7} = {59136D0F-97F8-38F4-9FC6-6A78E21C47E7}
	EndProjectSection
EndProject
Project("{8BC9CEB8-8B4A-11D0-8D11-00A0C91BC942}") = "PhysXCharacterKinematic", "PhysXCharacterKinematic.vcxproj", "{E03680D5-32B3-36AF-86FA-8528FEFF5E9D}"
	ProjectSection(ProjectDependencies) = postProject
		{05BA4E87-C9FA-3863-8726-B960839D3584} = {05BA4E87-C9FA-3863-8726-B960839D3584}
		{59136D0F-97F8-38F4-9FC6-6A78E21C47E7} = {59136D0F-97F8-38F4-9FC6-6A78E21C47E7}
	EndProjectSection
EndProject
Project("{8BC9CEB8-8B4A-11D0-8D11-00A0C91BC942}") = "PhysXCommon", "PhysXCommon.vcxproj", "{ABAF2A57-8E15-390F-8610-3213AA869164}"
	ProjectSection(ProjectDependencies) = postProject
		{05BA4E87-C9FA-3863-8726-B960839D3584} = {05BA4E87-C9FA-3863-8726-B960839D3584}
		{59136D0F-97F8-38F4-9FC6-6A78E21C47E7} = {59136D0F-97F8-38F4-9FC6-6A78E21C47E7}
	EndProjectSection
EndProject
Project("{8BC9CEB8-8B4A-11D0-8D11-00A0C91BC942}") = "PhysXCooking", "PhysXCooking.vcxproj", "{DA3DD1D4-2ADC-31AC-9BFE-5CBC26F85F3C}"
	ProjectSection(ProjectDependencies) = postProject
		{ABAF2A57-8E15-390F-8610-3213AA869164} = {ABAF2A57-8E15-390F-8610-3213AA869164}
		{05BA4E87-C9FA-3863-8726-B960839D3584} = {05BA4E87-C9FA-3863-8726-B960839D3584}
		{59136D0F-97F8-38F4-9FC6-6A78E21C47E7} = {59136D0F-97F8-38F4-9FC6-6A78E21C47E7}
	EndProjectSection
EndProject
Project("{8BC9CEB8-8B4A-11D0-8D11-00A0C91BC942}") = "PhysXExtensions", "PhysXExtensions.vcxproj", "{0F0B95BC-052E-32B7-806E-9D8D141C6B6F}"
	ProjectSection(ProjectDependencies) = postProject
		{BF823E36-9D5F-3193-BB11-E85AC5FD1135} = {BF823E36-9D5F-3193-BB11-E85AC5FD1135}
		{B1FA2846-0137-3D20-8D2D-ADC554F43B5D} = {B1FA2846-0137-3D20-8D2D-ADC554F43B5D}
		{ABAF2A57-8E15-390F-8610-3213AA869164} = {ABAF2A57-8E15-390F-8610-3213AA869164}
		{05BA4E87-C9FA-3863-8726-B960839D3584} = {05BA4E87-C9FA-3863-8726-B960839D3584}
		{CFEF1C28-4794-3CD9-9FB9-0DAEA9C5F723} = {CFEF1C28-4794-3CD9-9FB9-0DAEA9C5F723}
		{59136D0F-97F8-38F4-9FC6-6A78E21C47E7} = {59136D0F-97F8-38F4-9FC6-6A78E21C47E7}
	EndProjectSection
EndProject
Project("{8BC9CEB8-8B4A-11D0-8D11-00A0C91BC942}") = "PhysXFoundation", "PhysXFoundation.vcxproj", "{05BA4E87-C9FA-3863-8726-B960839D3584}"
	ProjectSection(ProjectDependencies) = postProject
		{59136D0F-97F8-38F4-9FC6-6A78E21C47E7} = {59136D0F-97F8-38F4-9FC6-6A78E21C47E7}
	EndProjectSection
EndProject
Project("{8BC9CEB8-8B4A-11D0-8D11-00A0C91BC942}") = "PhysXPvdSDK", "PhysXPvdSDK.vcxproj", "{CFEF1C28-4794-3CD9-9FB9-0DAEA9C5F723}"
	ProjectSection(ProjectDependencies) = postProject
		{05BA4E87-C9FA-3863-8726-B960839D3584} = {05BA4E87-C9FA-3863-8726-B960839D3584}
		{59136D0F-97F8-38F4-9FC6-6A78E21C47E7} = {59136D0F-97F8-38F4-9FC6-6A78E21C47E7}
	EndProjectSection
EndProject
Project("{8BC9CEB8-8B4A-11D0-8D11-00A0C91BC942}") = "PhysXTask", "PhysXTask.vcxproj", "{9EA8EA14-F27D-3E62-99DD-8F696CB45066}"
	ProjectSection(ProjectDependencies) = postProject
		{59136D0F-97F8-38F4-9FC6-6A78E21C47E7} = {59136D0F-97F8-38F4-9FC6-6A78E21C47E7}
	EndProjectSection
EndProject
Project("{8BC9CEB8-8B4A-11D0-8D11-00A0C91BC942}") = "PhysXVehicle", "PhysXVehicle.vcxproj", "{CF10DFA1-7B6B-3DFC-9447-9A62C067CC5E}"
	ProjectSection(ProjectDependencies) = postProject
		{05BA4E87-C9FA-3863-8726-B960839D3584} = {05BA4E87-C9FA-3863-8726-B960839D3584}
		{CFEF1C28-4794-3CD9-9FB9-0DAEA9C5F723} = {CFEF1C28-4794-3CD9-9FB9-0DAEA9C5F723}
		{59136D0F-97F8-38F4-9FC6-6A78E21C47E7} = {59136D0F-97F8-38F4-9FC6-6A78E21C47E7}
	EndProjectSection
EndProject
Project("{8BC9CEB8-8B4A-11D0-8D11-00A0C91BC942}") = "SceneQuery", "SceneQuery.vcxproj", "{A3FD9EB8-83B8-396F-8599-1FFD0B4B3184}"
	ProjectSection(ProjectDependencies) = postProject
		{59136D0F-97F8-38F4-9FC6-6A78E21C47E7} = {59136D0F-97F8-38F4-9FC6-6A78E21C47E7}
	EndProjectSection
EndProject
Project("{8BC9CEB8-8B4A-11D0-8D11-00A0C91BC942}") = "SimulationController", "SimulationController.vcxproj", "{5F5E5255-9878-32CE-B7F7-F30926039936}"
	ProjectSection(ProjectDependencies) = postProject
		{59136D0F-97F8-38F4-9FC6-6A78E21C47E7} = {59136D0F-97F8-38F4-9FC6-6A78E21C47E7}
	EndProjectSection
EndProject
Project("{8BC9CEB8-8B4A-11D0-8D11-00A0C91BC942}") = "ZERO_CHECK", "..\\ZERO_CHECK.vcxproj", "{59136D0F-97F8-38F4-9FC6-6A78E21C47E7}"
	ProjectSection(ProjectDependencies) = postProject
	EndProjectSection
EndProject
Global
	GlobalSection(SolutionConfigurationPlatforms) = preSolution
		debug|Win32 = debug|Win32
		checked|Win32 = checked|Win32
		profile|Win32 = profile|Win32
		release|Win32 = release|Win32
	EndGlobalSection
	GlobalSection(ProjectConfigurationPlatforms) = postSolution
		{36CE6265-F6AB-3EF2-AEC2-4C702325BA74}.debug|Win32.ActiveCfg = debug|Win32
		{36CE6265-F6AB-3EF2-AEC2-4C702325BA74}.debug|Win32.Build.0 = debug|Win32
		{36CE6265-F6AB-3EF2-AEC2-4C702325BA74}.checked|Win32.ActiveCfg = checked|Win32
		{36CE6265-F6AB-3EF2-AEC2-4C702325BA74}.checked|Win32.Build.0 = checked|Win32
		{36CE6265-F6AB-3EF2-AEC2-4C702325BA74}.profile|Win32.ActiveCfg = profile|Win32
		{36CE6265-F6AB-3EF2-AEC2-4C702325BA74}.profile|Win32.Build.0 = profile|Win32
		{36CE6265-F6AB-3EF2-AEC2-4C702325BA74}.release|Win32.ActiveCfg = release|Win32
		{36CE6265-F6AB-3EF2-AEC2-4C702325BA74}.release|Win32.Build.0 = release|Win32
		{BF823E36-9D5F-3193-BB11-E85AC5FD1135}.debug|Win32.ActiveCfg = debug|Win32
		{BF823E36-9D5F-3193-BB11-E85AC5FD1135}.debug|Win32.Build.0 = debug|Win32
		{BF823E36-9D5F-3193-BB11-E85AC5FD1135}.checked|Win32.ActiveCfg = checked|Win32
		{BF823E36-9D5F-3193-BB11-E85AC5FD1135}.checked|Win32.Build.0 = checked|Win32
		{BF823E36-9D5F-3193-BB11-E85AC5FD1135}.profile|Win32.ActiveCfg = profile|Win32
		{BF823E36-9D5F-3193-BB11-E85AC5FD1135}.profile|Win32.Build.0 = profile|Win32
		{BF823E36-9D5F-3193-BB11-E85AC5FD1135}.release|Win32.ActiveCfg = release|Win32
		{BF823E36-9D5F-3193-BB11-E85AC5FD1135}.release|Win32.Build.0 = release|Win32
		{608392C8-8A2E-34C6-98B9-2B763FE176E4}.debug|Win32.ActiveCfg = debug|Win32
		{608392C8-8A2E-34C6-98B9-2B763FE176E4}.checked|Win32.ActiveCfg = checked|Win32
		{608392C8-8A2E-34C6-98B9-2B763FE176E4}.profile|Win32.ActiveCfg = profile|Win32
		{608392C8-8A2E-34C6-98B9-2B763FE176E4}.release|Win32.ActiveCfg = release|Win32
		{6D81E47C-3BED-33D0-B3AD-36041D76F5AF}.debug|Win32.ActiveCfg = debug|Win32
		{6D81E47C-3BED-33D0-B3AD-36041D76F5AF}.debug|Win32.Build.0 = debug|Win32
		{6D81E47C-3BED-33D0-B3AD-36041D76F5AF}.checked|Win32.ActiveCfg = checked|Win32
		{6D81E47C-3BED-33D0-B3AD-36041D76F5AF}.checked|Win32.Build.0 = checked|Win32
		{6D81E47C-3BED-33D0-B3AD-36041D76F5AF}.profile|Win32.ActiveCfg = profile|Win32
		{6D81E47C-3BED-33D0-B3AD-36041D76F5AF}.profile|Win32.Build.0 = profile|Win32
		{6D81E47C-3BED-33D0-B3AD-36041D76F5AF}.release|Win32.ActiveCfg = release|Win32
		{6D81E47C-3BED-33D0-B3AD-36041D76F5AF}.release|Win32.Build.0 = release|Win32
		{CC8215B8-09C7-3056-8FC1-ACED0825CD42}.debug|Win32.ActiveCfg = debug|Win32
		{CC8215B8-09C7-3056-8FC1-ACED0825CD42}.debug|Win32.Build.0 = debug|Win32
		{CC8215B8-09C7-3056-8FC1-ACED0825CD42}.checked|Win32.ActiveCfg = checked|Win32
		{CC8215B8-09C7-3056-8FC1-ACED0825CD42}.checked|Win32.Build.0 = checked|Win32
		{CC8215B8-09C7-3056-8FC1-ACED0825CD42}.profile|Win32.ActiveCfg = profile|Win32
		{CC8215B8-09C7-3056-8FC1-ACED0825CD42}.profile|Win32.Build.0 = profile|Win32
		{CC8215B8-09C7-3056-8FC1-ACED0825CD42}.release|Win32.ActiveCfg = release|Win32
		{CC8215B8-09C7-3056-8FC1-ACED0825CD42}.release|Win32.Build.0 = release|Win32
		{ED7F9019-E3CE-3B85-AEFF-AC75ECCB4173}.debug|Win32.ActiveCfg = debug|Win32
		{ED7F9019-E3CE-3B85-AEFF-AC75ECCB4173}.debug|Win32.Build.0 = debug|Win32
		{ED7F9019-E3CE-3B85-AEFF-AC75ECCB4173}.checked|Win32.ActiveCfg = checked|Win32
		{ED7F9019-E3CE-3B85-AEFF-AC75ECCB4173}.checked|Win32.Build.0 = checked|Win32
		{ED7F9019-E3CE-3B85-AEFF-AC75ECCB4173}.profile|Win32.ActiveCfg = profile|Win32
		{ED7F9019-E3CE-3B85-AEFF-AC75ECCB4173}.profile|Win32.Build.0 = profile|Win32
		{ED7F9019-E3CE-3B85-AEFF-AC75ECCB4173}.release|Win32.ActiveCfg = release|Win32
		{ED7F9019-E3CE-3B85-AEFF-AC75ECCB4173}.release|Win32.Build.0 = release|Win32
		{B1FA2846-0137-3D20-8D2D-ADC554F43B5D}.debug|Win32.ActiveCfg = debug|Win32
		{B1FA2846-0137-3D20-8D2D-ADC554F43B5D}.debug|Win32.Build.0 = debug|Win32
		{B1FA2846-0137-3D20-8D2D-ADC554F43B5D}.checked|Win32.ActiveCfg = checked|Win32
		{B1FA2846-0137-3D20-8D2D-ADC554F43B5D}.checked|Win32.Build.0 = checked|Win32
		{B1FA2846-0137-3D20-8D2D-ADC554F43B5D}.profile|Win32.ActiveCfg = profile|Win32
		{B1FA2846-0137-3D20-8D2D-ADC554F43B5D}.profile|Win32.Build.0 = profile|Win32
		{B1FA2846-0137-3D20-8D2D-ADC554F43B5D}.release|Win32.ActiveCfg = release|Win32
		{B1FA2846-0137-3D20-8D2D-ADC554F43B5D}.release|Win32.Build.0 = release|Win32
		{E03680D5-32B3-36AF-86FA-8528FEFF5E9D}.debug|Win32.ActiveCfg = debug|Win32
		{E03680D5-32B3-36AF-86FA-8528FEFF5E9D}.debug|Win32.Build.0 = debug|Win32
		{E03680D5-32B3-36AF-86FA-8528FEFF5E9D}.checked|Win32.ActiveCfg = checked|Win32
		{E03680D5-32B3-36AF-86FA-8528FEFF5E9D}.checked|Win32.Build.0 = checked|Win32
		{E03680D5-32B3-36AF-86FA-8528FEFF5E9D}.profile|Win32.ActiveCfg = profile|Win32
		{E03680D5-32B3-36AF-86FA-8528FEFF5E9D}.profile|Win32.Build.0 = profile|Win32
		{E03680D5-32B3-36AF-86FA-8528FEFF5E9D}.release|Win32.ActiveCfg = release|Win32
		{E03680D5-32B3-36AF-86FA-8528FEFF5E9D}.release|Win32.Build.0 = release|Win32
		{ABAF2A57-8E15-390F-8610-3213AA869164}.debug|Win32.ActiveCfg = debug|Win32
		{ABAF2A57-8E15-390F-8610-3213AA869164}.debug|Win32.Build.0 = debug|Win32
		{ABAF2A57-8E15-390F-8610-3213AA869164}.checked|Win32.ActiveCfg = checked|Win32
		{ABAF2A57-8E15-390F-8610-3213AA869164}.checked|Win32.Build.0 = checked|Win32
		{ABAF2A57-8E15-390F-8610-3213AA869164}.profile|Win32.ActiveCfg = profile|Win32
		{ABAF2A57-8E15-390F-8610-3213AA869164}.profile|Win32.Build.0 = profile|Win32
		{ABAF2A57-8E15-390F-8610-3213AA869164}.release|Win32.ActiveCfg = release|Win32
		{ABAF2A57-8E15-390F-8610-3213AA869164}.release|Win32.Build.0 = release|Win32
		{DA3DD1D4-2ADC-31AC-9BFE-5CBC26F85F3C}.debug|Win32.ActiveCfg = debug|Win32
		{DA3DD1D4-2ADC-31AC-9BFE-5CBC26F85F3C}.debug|Win32.Build.0 = debug|Win32
		{DA3DD1D4-2ADC-31AC-9BFE-5CBC26F85F3C}.checked|Win32.ActiveCfg = checked|Win32
		{DA3DD1D4-2ADC-31AC-9BFE-5CBC26F85F3C}.checked|Win32.Build.0 = checked|Win32
		{DA3DD1D4-2ADC-31AC-9BFE-5CBC26F85F3C}.profile|Win32.ActiveCfg = profile|Win32
		{DA3DD1D4-2ADC-31AC-9BFE-5CBC26F85F3C}.profile|Win32.Build.0 = profile|Win32
		{DA3DD1D4-2ADC-31AC-9BFE-5CBC26F85F3C}.release|Win32.ActiveCfg = release|Win32
		{DA3DD1D4-2ADC-31AC-9BFE-5CBC26F85F3C}.release|Win32.Build.0 = release|Win32
		{0F0B95BC-052E-32B7-806E-9D8D141C6B6F}.debug|Win32.ActiveCfg = debug|Win32
		{0F0B95BC-052E-32B7-806E-9D8D141C6B6F}.debug|Win32.Build.0 = debug|Win32
		{0F0B95BC-052E-32B7-806E-9D8D141C6B6F}.checked|Win32.ActiveCfg = checked|Win32
		{0F0B95BC-052E-32B7-806E-9D8D141C6B6F}.checked|Win32.Build.0 = checked|Win32
		{0F0B95BC-052E-32B7-806E-9D8D141C6B6F}.profile|Win32.ActiveCfg = profile|Win32
		{0F0B95BC-052E-32B7-806E-9D8D141C6B6F}.profile|Win32.Build.0 = profile|Win32
		{0F0B95BC-052E-32B7-806E-9D8D141C6B6F}.release|Win32.ActiveCfg = release|Win32
		{0F0B95BC-052E-32B7-806E-9D8D141C6B6F}.release|Win32.Build.0 = release|Win32
		{05BA4E87-C9FA-3863-8726-B960839D3584}.debug|Win32.ActiveCfg = debug|Win32
		{05BA4E87-C9FA-3863-8726-B960839D3584}.debug|Win32.Build.0 = debug|Win32
		{05BA4E87-C9FA-3863-8726-B960839D3584}.checked|Win32.ActiveCfg = checked|Win32
		{05BA4E87-C9FA-3863-8726-B960839D3584}.checked|Win32.Build.0 = checked|Win32
		{05BA4E87-C9FA-3863-8726-B960839D3584}.profile|Win32.ActiveCfg = profile|Win32
		{05BA4E87-C9FA-3863-8726-B960839D3584}.profile|Win32.Build.0 = profile|Win32
		{05BA4E87-C9FA-3863-8726-B960839D3584}.release|Win32.ActiveCfg = release|Win32
		{05BA4E87-C9FA-3863-8726-B960839D3584}.release|Win32.Build.0 = release|Win32
		{CFEF1C28-4794-3CD9-9FB9-0DAEA9C5F723}.debug|Win32.ActiveCfg = debug|Win32
		{CFEF1C28-4794-3CD9-9FB9-0DAEA9C5F723}.debug|Win32.Build.0 = debug|Win32
		{CFEF1C28-4794-3CD9-9FB9-0DAEA9C5F723}.checked|Win32.ActiveCfg = checked|Win32
		{CFEF1C28-4794-3CD9-9FB9-0DAEA9C5F723}.checked|Win32.Build.0 = checked|Win32
		{CFEF1C28-4794-3CD9-9FB9-0DAEA9C5F723}.profile|Win32.ActiveCfg = profile|Win32
		{CFEF1C28-4794-3CD9-9FB9-0DAEA9C5F723}.profile|Win32.Build.0 = profile|Win32
		{CFEF1C28-4794-3CD9-9FB9-0DAEA9C5F723}.release|Win32.ActiveCfg = release|Win32
		{CFEF1C28-4794-3CD9-9FB9-0DAEA9C5F723}.release|Win32.Build.0 = release|Win32
		{9EA8EA14-F27D-3E62-99DD-8F696CB45066}.debug|Win32.ActiveCfg = debug|Win32
		{9EA8EA14-F27D-3E62-99DD-8F696CB45066}.debug|Win32.Build.0 = debug|Win32
		{9EA8EA14-F27D-3E62-99DD-8F696CB45066}.checked|Win32.ActiveCfg = checked|Win32
		{9EA8EA14-F27D-3E62-99DD-8F696CB45066}.checked|Win32.Build.0 = checked|Win32
		{9EA8EA14-F27D-3E62-99DD-8F696CB45066}.profile|Win32.ActiveCfg = profile|Win32
		{9EA8EA14-F27D-3E62-99DD-8F696CB45066}.profile|Win32.Build.0 = profile|Win32
		{9EA8EA14-F27D-3E62-99DD-8F696CB45066}.release|Win32.ActiveCfg = release|Win32
		{9EA8EA14-F27D-3E62-99DD-8F696CB45066}.release|Win32.Build.0 = release|Win32
		{CF10DFA1-7B6B-3DFC-9447-9A62C067CC5E}.debug|Win32.ActiveCfg = debug|Win32
		{CF10DFA1-7B6B-3DFC-9447-9A62C067CC5E}.debug|Win32.Build.0 = debug|Win32
		{CF10DFA1-7B6B-3DFC-9447-9A62C067CC5E}.checked|Win32.ActiveCfg = checked|Win32
		{CF10DFA1-7B6B-3DFC-9447-9A62C067CC5E}.checked|Win32.Build.0 = checked|Win32
		{CF10DFA1-7B6B-3DFC-9447-9A62C067CC5E}.profile|Win32.ActiveCfg = profile|Win32
		{CF10DFA1-7B6B-3DFC-9447-9A62C067CC5E}.profile|Win32.Build.0 = profile|Win32
		{CF10DFA1-7B6B-3DFC-9447-9A62C067CC5E}.release|Win32.ActiveCfg = release|Win32
		{CF10DFA1-7B6B-3DFC-9447-9A62C067CC5E}.release|Win32.Build.0 = release|Win32
		{A3FD9EB8-83B8-396F-8599-1FFD0B4B3184}.debug|Win32.ActiveCfg = debug|Win32
		{A3FD9EB8-83B8-396F-8599-1FFD0B4B3184}.debug|Win32.Build.0 = debug|Win32
		{A3FD9EB8-83B8-396F-8599-1FFD0B4B3184}.checked|Win32.ActiveCfg = checked|Win32
		{A3FD9EB8-83B8-396F-8599-1FFD0B4B3184}.checked|Win32.Build.0 = checked|Win32
		{A3FD9EB8-83B8-396F-8599-1FFD0B4B3184}.profile|Win32.ActiveCfg = profile|Win32
		{A3FD9EB8-83B8-396F-8599-1FFD0B4B3184}.profile|Win32.Build.0 = profile|Win32
		{A3FD9EB8-83B8-396F-8599-1FFD0B4B3184}.release|Win32.ActiveCfg = release|Win32
		{A3FD9EB8-83B8-396F-8599-1FFD0B4B3184}.release|Win32.Build.0 = release|Win32
		{5F5E5255-9878-32CE-B7F7-F30926039936}.debug|Win32.ActiveCfg = debug|Win32
		{5F5E5255-9878-32CE-B7F7-F30926039936}.debug|Win32.Build.0 = debug|Win32
		{5F5E5255-9878-32CE-B7F7-F30926039936}.checked|Win32.ActiveCfg = checked|Win32
		{5F5E5255-9878-32CE-B7F7-F30926039936}.checked|Win32.Build.0 = checked|Win32
		{5F5E5255-9878-32CE-B7F7-F30926039936}.profile|Win32.ActiveCfg = profile|Win32
		{5F5E5255-9878-32CE-B7F7-F30926039936}.profile|Win32.Build.0 = profile|Win32
		{5F5E5255-9878-32CE-B7F7-F30926039936}.release|Win32.ActiveCfg = release|Win32
		{5F5E5255-9878-32CE-B7F7-F30926039936}.release|Win32.Build.0 = release|Win32
		{59136D0F-97F8-38F4-9FC6-6A78E21C47E7}.debug|Win32.ActiveCfg = debug|Win32
		{59136D0F-97F8-38F4-9FC6-6A78E21C47E7}.debug|Win32.Build.0 = debug|Win32
		{59136D0F-97F8-38F4-9FC6-6A78E21C47E7}.checked|Win32.ActiveCfg = checked|Win32
		{59136D0F-97F8-38F4-9FC6-6A78E21C47E7}.checked|Win32.Build.0 = checked|Win32
		{59136D0F-97F8-38F4-9FC6-6A78E21C47E7}.profile|Win32.ActiveCfg = profile|Win32
		{59136D0F-97F8-38F4-9FC6-6A78E21C47E7}.profile|Win32.Build.0 = profile|Win32
		{59136D0F-97F8-38F4-9FC6-6A78E21C47E7}.release|Win32.ActiveCfg = release|Win32
		{59136D0F-97F8-38F4-9FC6-6A78E21C47E7}.release|Win32.Build.0 = release|Win32
	EndGlobalSection
	GlobalSection(NestedProjects) = preSolution
		{36CE6265-F6AB-3EF2-AEC2-4C702325BA74} = {9C2D128B-5E77-39F0-8200-4528FF014A6D}
		{608392C8-8A2E-34C6-98B9-2B763FE176E4} = {9C2D128B-5E77-39F0-8200-4528FF014A6D}
		{59136D0F-97F8-38F4-9FC6-6A78E21C47E7} = {9C2D128B-5E77-39F0-8200-4528FF014A6D}
		{BF823E36-9D5F-3193-BB11-E85AC5FD1135} = {15C839F3-C200-34C1-9308-D4533562FE6A}
		{6D81E47C-3BED-33D0-B3AD-36041D76F5AF} = {15C839F3-C200-34C1-9308-D4533562FE6A}
		{CC8215B8-09C7-3056-8FC1-ACED0825CD42} = {15C839F3-C200-34C1-9308-D4533562FE6A}
		{ED7F9019-E3CE-3B85-AEFF-AC75ECCB4173} = {15C839F3-C200-34C1-9308-D4533562FE6A}
		{B1FA2846-0137-3D20-8D2D-ADC554F43B5D} = {15C839F3-C200-34C1-9308-D4533562FE6A}
		{E03680D5-32B3-36AF-86FA-8528FEFF5E9D} = {15C839F3-C200-34C1-9308-D4533562FE6A}
		{ABAF2A57-8E15-390F-8610-3213AA869164} = {15C839F3-C200-34C1-9308-D4533562FE6A}
		{DA3DD1D4-2ADC-31AC-9BFE-5CBC26F85F3C} = {15C839F3-C200-34C1-9308-D4533562FE6A}
		{0F0B95BC-052E-32B7-806E-9D8D141C6B6F} = {15C839F3-C200-34C1-9308-D4533562FE6A}
		{05BA4E87-C9FA-3863-8726-B960839D3584} = {15C839F3-C200-34C1-9308-D4533562FE6A}
		{CFEF1C28-4794-3CD9-9FB9-0DAEA9C5F723} = {15C839F3-C200-34C1-9308-D4533562FE6A}
		{9EA8EA14-F27D-3E62-99DD-8F696CB45066} = {15C839F3-C200-34C1-9308-D4533562FE6A}
		{CF10DFA1-7B6B-3DFC-9447-9A62C067CC5E} = {15C839F3-C200-34C1-9308-D4533562FE6A}
		{A3FD9EB8-83B8-396F-8599-1FFD0B4B3184} = {15C839F3-C200-34C1-9308-D4533562FE6A}
		{5F5E5255-9878-32CE-B7F7-F30926039936} = {15C839F3-C200-34C1-9308-D4533562FE6A}
	EndGlobalSection
	GlobalSection(ExtensibilityGlobals) = postSolution
		SolutionGuid = {85B3FCBB-5F8A-3BA8-9B50-8DD080CD0242}
	EndGlobalSection
	GlobalSection(ExtensibilityAddIns) = postSolution
	EndGlobalSection
EndGlobal
