<?xml version="1.0" encoding="utf-8"?>
<Project ToolsVersion="17.0" xmlns="http://schemas.microsoft.com/developer/msbuild/2003">
  <ItemGroup>
    <CustomBuild Include="C:\Source\PhysX\physx\compiler\vc17win64\CMakeFiles\7fe80b8217cd8d1ff4f12ccc052f7296\INSTALL_force.rule">
      <Filter>CMake Rules</Filter>
    </CustomBuild>
  </ItemGroup>
  <ItemGroup>
    <Filter Include="CMake Rules">
      <UniqueIdentifier>{0818B173-A0FD-36BF-8C61-AF2ED5FB4852}</UniqueIdentifier>
    </Filter>
  </ItemGroup>
</Project>
